PODS:
  - Bolts/Tasks (1.9.0)
  - Cartography (4.0.0)
  - Crashlytics (3.14.0):
    - Fabric (~> 1.10.2)
  - Fabric (1.10.2)
  - Parse (1.17.3):
    - Parse/Core (= 1.17.3)
  - Parse/Core (1.17.3):
    - Bolts/Tasks (~> 1.9)

DEPENDENCIES:
  - Cartography
  - Crashlytics
  - Fabric
  - Parse

SPEC REPOS:
  trunk:
    - Bolts
    - Cartography
    - Crashlytics
    - Fabric
    - Parse

SPEC CHECKSUMS:
  Bolts: ac6567323eac61e203f6a9763667d0f711be34c8
  Cartography: c5626d29056b20f1e95c017326ee4df57cc39ad8
  Crashlytics: 540b7e5f5da5a042647227a5e3ac51d85eed06df
  Fabric: 706c8b8098fff96c33c0db69cbf81f9c551d0d74
  Parse: c1ad2a04d2cab2b54b6fb7da05f741abf2cf57d1

PODFILE CHECKSUM: ae91846ff3bc8fad6df4dd95605d185166fbe90c

COCOAPODS: 1.8.3
